# This file was autogenerated by Stack.
# You should not edit this file by hand.
# For more information, please see the documentation at:
#   https://docs.haskellstack.org/en/stable/lock_files

packages:
- completed:
    hackage: socket-0.8.3.0@sha256:25c35fc352de42010871ac2162b344a48d43512fa51f3ac24e8518fb964cc11e,3414
    pantry-tree:
      sha256: 7624c9b5bcf71109aebd94ae8ae9dbec1503184784e4546de75c0c19e792a475
      size: 2064
  original:
    hackage: socket-0.8.3.0
- completed:
    hackage: QuickCheck-2.9.2@sha256:03829d0e182be6b73079ad8647761d350f4d8539db57126354a79a9bd5caac9d,5184
    pantry-tree:
      sha256: 06858b2957297fe6d8d8f582eef3b13f4e4f98446590a12e00c855e6de6e7c3f
      size: 1490
  original:
    hackage: QuickCheck-2.9.2
snapshots: []
